
Microsoft Visual Studio Solution File, Format Version 12.00
# Visual Studio Version 17
VisualStudioVersion = 17.13.35617.110 d17.13
MinimumVisualStudioVersion = 10.0.40219.1
Project("{FAE04EC0-301F-11D3-BF4B-00C04F79EFBC}") = "TryingTwitchOAuth", "TryingTwitchOAuth\TryingTwitchOAuth.csproj", "{A906D0CA-9071-4B78-B3AC-27881643217D}"
EndProject
Global
	GlobalSection(SolutionConfigurationPlatforms) = preSolution
		Debug|Any CPU = Debug|Any CPU
		Release|Any CPU = Release|Any CPU
	EndGlobalSection
	GlobalSection(ProjectConfigurationPlatforms) = postSolution
		{A906D0CA-9071-4B78-B3AC-27881643217D}.Debug|Any CPU.ActiveCfg = Debug|Any CPU
		{A906D0CA-9071-4B78-B3AC-27881643217D}.Debug|Any CPU.Build.0 = Debug|Any CPU
		{A906D0CA-9071-4B78-B3AC-27881643217D}.Release|Any CPU.ActiveCfg = Release|Any CPU
		{A906D0CA-9071-4B78-B3AC-27881643217D}.Release|Any CPU.Build.0 = Release|Any CPU
	EndGlobalSection
	GlobalSection(SolutionProperties) = preSolution
		HideSolutionNode = FALSE
	EndGlobalSection
	GlobalSection(ExtensibilityGlobals) = postSolution
		SolutionGuid = {29E611F1-A79E-45D0-BAF2-02B18F935AD5}
	EndGlobalSection
EndGlobal
